
Microsoft Visual Studio Solution File, Format Version 12.00
# Visual Studio Version 17
VisualStudioVersion = 17.1.32319.34
MinimumVisualStudioVersion = 10.0.40219.1
Project("{FAE04EC0-301F-11D3-BF4B-00C04F79EFBC}") = "ProjetoTest", "ProjetoTest\ProjetoTest.csproj", "{D85CD6D8-41B4-4337-89D5-54AF66AC4BD4}"
EndProject
Global
	GlobalSection(SolutionConfigurationPlatforms) = preSolution
		Debug|Any CPU = Debug|Any CPU
		Release|Any CPU = Release|Any CPU
	EndGlobalSection
	GlobalSection(ProjectConfigurationPlatforms) = postSolution
		{D85CD6D8-41B4-4337-89D5-54AF66AC4BD4}.Debug|Any CPU.ActiveCfg = Debug|Any CPU
		{D85CD6D8-41B4-4337-89D5-54AF66AC4BD4}.Debug|Any CPU.Build.0 = Debug|Any CPU
		{D85CD6D8-41B4-4337-89D5-54AF66AC4BD4}.Release|Any CPU.ActiveCfg = Release|Any CPU
		{D85CD6D8-41B4-4337-89D5-54AF66AC4BD4}.Release|Any CPU.Build.0 = Release|Any CPU
	EndGlobalSection
	GlobalSection(SolutionProperties) = preSolution
		HideSolutionNode = FALSE
	EndGlobalSection
	GlobalSection(ExtensibilityGlobals) = postSolution
		SolutionGuid = {EFC2486E-C6DD-4C3A-9454-9339BC15669A}
	EndGlobalSection
EndGlobal
